{
  "lockfileVersion": 1,
  "workspaces": {
    "": {
      "dependencies": {
        "tsc": "^2.0.4",
        "typescript": "^5.7.3",
      },
    },
  },
  "packages": {
    "tsc": ["tsc@2.0.4", "", { "bin": { "tsc": "bin/tsc" } }, "sha512-fzoSieZI5KKJVBYGvwbVZs/J5za84f2lSTLPYf6AGiIf43tZ3GNrI1QzTLcjtyDDP4aLxd46RTZq1nQxe7+k5Q=="],

    "typescript": ["typescript@5.7.3", "", { "bin": { "tsc": "bin/tsc", "tsserver": "bin/tsserver" } }, "sha512-84MVSjMEHP+FQRPy3pX9sTVV/INIex71s9TL2Gm5FG/WG1SqXeKyZ0k7/blY/4FdOzI12CBy1vGc4og/eus0fw=="],
  }
}
